# This file is automatically @generated by Cargo.
# It is not intended for manual editing.
version = 3

[[package]]
name = "bitflags"
version = "0.9.1"
source = "registry+https://github.com/rust-lang/crates.io-index"
checksum = "4efd02e230a02e18f92fc2735f44597385ed02ad8f831e7c1c1156ee5e1ab3a5"

[[package]]
name = "dotenv"
version = "0.15.0"
source = "registry+https://github.com/rust-lang/crates.io-index"
checksum = "77c90badedccf4105eca100756a0b1289e191f6fcbdadd3cee1d2f614f97da8f"

[[package]]
name = "gcc"
version = "0.3.55"
source = "registry+https://github.com/rust-lang/crates.io-index"
checksum = "8f5f3913fa0bfe7ee1fd8248b6b9f42a5af4b9d65ec2dd2c3c26132b950ecfc2"

[[package]]
name = "kathleen-back"
version = "0.1.0"
dependencies = [
 "dotenv",
 "lmdb-zero",
]

[[package]]
name = "libc"
version = "0.2.139"
source = "registry+https://github.com/rust-lang/crates.io-index"
checksum = "201de327520df007757c1f0adce6e827fe8562fbc28bfd9c15571c66ca1f5f79"

[[package]]
name = "liblmdb-sys"
version = "0.2.2"
source = "registry+https://github.com/rust-lang/crates.io-index"
checksum = "feed38a3a580f60bf61aaa067b0ff4123395966839adeaf67258a9e50c4d2e49"
dependencies = [
 "gcc",
 "libc",
]

[[package]]
name = "lmdb-zero"
version = "0.4.4"
source = "registry+https://github.com/rust-lang/crates.io-index"
checksum = "13416eee745b087c22934f35f1f24da22da41ba2a5ce197143d168ce055cc58d"
dependencies = [
 "bitflags",
 "libc",
 "liblmdb-sys",
 "supercow",
]

[[package]]
name = "supercow"
version = "0.1.0"
source = "registry+https://github.com/rust-lang/crates.io-index"
checksum = "171758edb47aa306a78dfa4ab9aeb5167405bd4e3dc2b64e88f6a84bbe98bd63"
